
Microsoft Visual Studio Solution File, Format Version 12.00
# Visual Studio 15
VisualStudioVersion = 15.0.28307.852
MinimumVisualStudioVersion = 10.0.40219.1
Project("{8BC9CEB8-8B4A-11D0-8D11-00A0C91BC942}") = "HW", "HW\HW.vcxproj", "{98D440A0-3B40-4289-BA7F-8E7214FA937E}"
EndProject
Global
	GlobalSection(SolutionConfigurationPlatforms) = preSolution
		Debug|x64 = Debug|x64
		Debug|x86 = Debug|x86
		Release|x64 = Release|x64
		Release|x86 = Release|x86
	EndGlobalSection
	GlobalSection(ProjectConfigurationPlatforms) = postSolution
		{98D440A0-3B40-4289-BA7F-8E7214FA937E}.Debug|x64.ActiveCfg = Debug|x64
		{98D440A0-3B40-4289-BA7F-8E7214FA937E}.Debug|x64.Build.0 = Debug|x64
		{98D440A0-3B40-4289-BA7F-8E7214FA937E}.Debug|x86.ActiveCfg = Debug|Win32
		{98D440A0-3B40-4289-BA7F-8E7214FA937E}.Debug|x86.Build.0 = Debug|Win32
		{98D440A0-3B40-4289-BA7F-8E7214FA937E}.Release|x64.ActiveCfg = Release|x64
		{98D440A0-3B40-4289-BA7F-8E7214FA937E}.Release|x64.Build.0 = Release|x64
		{98D440A0-3B40-4289-BA7F-8E7214FA937E}.Release|x86.ActiveCfg = Release|Win32
		{98D440A0-3B40-4289-BA7F-8E7214FA937E}.Release|x86.Build.0 = Release|Win32
	EndGlobalSection
	GlobalSection(SolutionProperties) = preSolution
		HideSolutionNode = FALSE
	EndGlobalSection
	GlobalSection(ExtensibilityGlobals) = postSolution
		SolutionGuid = {0CFDC51E-6082-4728-A9D6-13E61018FCD7}
	EndGlobalSection
EndGlobal
