
Microsoft Visual Studio Solution File, Format Version 12.00
# Visual Studio 15
VisualStudioVersion = 15.0.28307.852
MinimumVisualStudioVersion = 10.0.40219.1
Project("{8BC9CEB8-8B4A-11D0-8D11-00A0C91BC942}") = "HW", "HW\HW.vcxproj", "{06BFD96C-DBF8-4B05-BE23-5B4E157612F8}"
EndProject
Global
	GlobalSection(SolutionConfigurationPlatforms) = preSolution
		Debug|x64 = Debug|x64
		Debug|x86 = Debug|x86
		Release|x64 = Release|x64
		Release|x86 = Release|x86
	EndGlobalSection
	GlobalSection(ProjectConfigurationPlatforms) = postSolution
		{06BFD96C-DBF8-4B05-BE23-5B4E157612F8}.Debug|x64.ActiveCfg = Debug|x64
		{06BFD96C-DBF8-4B05-BE23-5B4E157612F8}.Debug|x64.Build.0 = Debug|x64
		{06BFD96C-DBF8-4B05-BE23-5B4E157612F8}.Debug|x86.ActiveCfg = Debug|Win32
		{06BFD96C-DBF8-4B05-BE23-5B4E157612F8}.Debug|x86.Build.0 = Debug|Win32
		{06BFD96C-DBF8-4B05-BE23-5B4E157612F8}.Release|x64.ActiveCfg = Release|x64
		{06BFD96C-DBF8-4B05-BE23-5B4E157612F8}.Release|x64.Build.0 = Release|x64
		{06BFD96C-DBF8-4B05-BE23-5B4E157612F8}.Release|x86.ActiveCfg = Release|Win32
		{06BFD96C-DBF8-4B05-BE23-5B4E157612F8}.Release|x86.Build.0 = Release|Win32
	EndGlobalSection
	GlobalSection(SolutionProperties) = preSolution
		HideSolutionNode = FALSE
	EndGlobalSection
	GlobalSection(ExtensibilityGlobals) = postSolution
		SolutionGuid = {69A2D4CA-F0DD-4D69-A12A-A7446507B54F}
	EndGlobalSection
EndGlobal
